
Microsoft Visual Studio Solution File, Format Version 12.00
# Visual Studio 15
VisualStudioVersion = 15.0.28010.2048
MinimumVisualStudioVersion = 10.0.40219.1
Project("{FAE04EC0-301F-11D3-BF4B-00C04F79EFBC}") = "WebApplicationAlumnoCarrera", "WebApplicationAlumnoCarrera\WebApplicationAlumnoCarrera.csproj", "{0370151C-6DA1-485F-B9A7-B01C98C628CB}"
EndProject
Global
	GlobalSection(SolutionConfigurationPlatforms) = preSolution
		Debug|Any CPU = Debug|Any CPU
		Release|Any CPU = Release|Any CPU
	EndGlobalSection
	GlobalSection(ProjectConfigurationPlatforms) = postSolution
		{0370151C-6DA1-485F-B9A7-B01C98C628CB}.Debug|Any CPU.ActiveCfg = Debug|Any CPU
		{0370151C-6DA1-485F-B9A7-B01C98C628CB}.Debug|Any CPU.Build.0 = Debug|Any CPU
		{0370151C-6DA1-485F-B9A7-B01C98C628CB}.Release|Any CPU.ActiveCfg = Release|Any CPU
		{0370151C-6DA1-485F-B9A7-B01C98C628CB}.Release|Any CPU.Build.0 = Release|Any CPU
	EndGlobalSection
	GlobalSection(SolutionProperties) = preSolution
		HideSolutionNode = FALSE
	EndGlobalSection
	GlobalSection(ExtensibilityGlobals) = postSolution
		SolutionGuid = {302714B9-6143-49D5-B891-A5E09E259A8A}
	EndGlobalSection
EndGlobal
